
Microsoft Visual Studio Solution File, Format Version 12.00
# Visual Studio Version 17
VisualStudioVersion = 17.6.33829.357
MinimumVisualStudioVersion = 10.0.40219.1
Project("{FAE04EC0-301F-11D3-BF4B-00C04F79EFBC}") = "BudgetManagerAPI", "BudgetManagerAPI.csproj", "{CD1AE4B6-2A71-417C-932E-41CB0BC1C2FD}"
EndProject
Global
	GlobalSection(SolutionConfigurationPlatforms) = preSolution
		Debug|Any CPU = Debug|Any CPU
		Release|Any CPU = Release|Any CPU
	EndGlobalSection
	GlobalSection(ProjectConfigurationPlatforms) = postSolution
		{CD1AE4B6-2A71-417C-932E-41CB0BC1C2FD}.Debug|Any CPU.ActiveCfg = Debug|Any CPU
		{CD1AE4B6-2A71-417C-932E-41CB0BC1C2FD}.Debug|Any CPU.Build.0 = Debug|Any CPU
		{CD1AE4B6-2A71-417C-932E-41CB0BC1C2FD}.Release|Any CPU.ActiveCfg = Release|Any CPU
		{CD1AE4B6-2A71-417C-932E-41CB0BC1C2FD}.Release|Any CPU.Build.0 = Release|Any CPU
	EndGlobalSection
	GlobalSection(SolutionProperties) = preSolution
		HideSolutionNode = FALSE
	EndGlobalSection
	GlobalSection(ExtensibilityGlobals) = postSolution
		SolutionGuid = {F747C75D-0926-469F-8E03-EE85A542DE26}
	EndGlobalSection
EndGlobal
